kubevirt.io/api v0.59.0 h1:UDsJWklzd0x/w3EQjc48jafZc4p4vVxKUpmBhg2nVRk=
kubevirt.io/api v0.59.0/go.mod h1:zts/6mioR8vGgvYmQ17Cb9XsUR9e/WjJcdokmrE38wY=
kubevirt.io/api v0.59.1 h1:HIGi/v/iuwOn7mBNrG7pQbrhfbW+z5DRKbHANKxn8Hg=
kubevirt.io/api v0.59.1/go.mod h1:zts/6mioR8vGgvYmQ17Cb9XsUR9e/WjJcdokmrE38wY=
kubevirt.io/api v1.2.0/go.mod h1:SbeR9ma4EwnaOZEUkh/lNz0kzYm5LPpEDE30vKXC5Zg=
